<?xml version="1.0" encoding="utf-8"?>
<Project ToolsVersion="4.0" xmlns="http://schemas.microsoft.com/developer/msbuild/2003">
  <ItemGroup>
    <Filter Include="assets">
      <UniqueIdentifier>{d305e545-1239-40a3-ae06-b72fa970a7d8}</UniqueIdentifier>
    </Filter>
    <Filter Include="source">
      <UniqueIdentifier>{9af431ac-4c2a-4eea-b39e-6424162175ca}</UniqueIdentifier>
    </Filter>
    <Filter Include="source\game">
      <UniqueIdentifier>{317ac355-2512-4bc0-8b37-da65029d2a10}</UniqueIdentifier>
    </Filter>
    <Filter Include="source\engine">
      <UniqueIdentifier>{531e1352-f1ca-4524-ab03-ddd1aaa6651c}</UniqueIdentifier>
    </Filter>
    <Filter Include="source\engine\interfaces">
      <UniqueIdentifier>{5e6400a0-2912-4554-bbf6-7b6096db479f}</UniqueIdentifier>
    </Filter>
    <Filter Include="source\engine\graphics">
      <UniqueIdentifier>{57683a83-f17a-474f-99db-9eaeaa877239}</UniqueIdentifier>
    </Filter>
    <Filter Include="source\engine\graphics\shaders">
      <UniqueIdentifier>{2ba43e69-655d-46dd-b4b6-59731e4b9cb3}</UniqueIdentifier>
    </Filter>
    <Filter Include="source\engine\components">
      <UniqueIdentifier>{7c395d64-0c36-40f3-8f7d-2a8d2a99eb16}</UniqueIdentifier>
    </Filter>
    <Filter Include="source\game\world">
      <UniqueIdentifier>{3188386f-bb02-4432-9306-e12076918115}</UniqueIdentifier>
    </Filter>
    <Filter Include="source\util">
      <UniqueIdentifier>{2fd30d91-79cf-4c42-9927-a97b3b3bb8aa}</UniqueIdentifier>
    </Filter>
  </ItemGroup>
  <ItemGroup>
    <ClCompile Include="main.cpp" />
    <ClCompile Include="ColorGenerator.cpp">
      <Filter>source\game\world</Filter>
    </ClCompile>
    <ClCompile Include="TerrainGenerator.cpp">
      <Filter>source\game\world</Filter>
    </ClCompile>
    <ClCompile Include="Shader.cpp">
      <Filter>source\engine\graphics\shaders</Filter>
    </ClCompile>
    <ClCompile Include="Display.cpp">
      <Filter>source\engine</Filter>
    </ClCompile>
    <ClCompile Include="Engine.cpp">
      <Filter>source\engine</Filter>
    </ClCompile>
    <ClCompile Include="Game.cpp">
      <Filter>source\game</Filter>
    </ClCompile>
    <ClCompile Include="Transform.cpp">
      <Filter>source\engine\graphics</Filter>
    </ClCompile>
    <ClCompile Include="Object.cpp">
      <Filter>source\engine</Filter>
    </ClCompile>
    <ClCompile Include="Component.cpp">
      <Filter>source\engine\components</Filter>
    </ClCompile>
    <ClCompile Include="Mesh.cpp">
      <Filter>source\engine\components</Filter>
    </ClCompile>
    <ClCompile Include="Camera.cpp">
      <Filter>source\engine\graphics</Filter>
    </ClCompile>
    <ClCompile Include="Renderer.cpp">
      <Filter>source\engine\graphics</Filter>
    </ClCompile>
    <ClCompile Include="Light.cpp">
      <Filter>source\engine\components</Filter>
    </ClCompile>
    <ClCompile Include="Sun.cpp">
      <Filter>source\game</Filter>
    </ClCompile>
    <ClCompile Include="Chunk.cpp">
      <Filter>source\game\world</Filter>
    </ClCompile>
    <ClCompile Include="ChunkManager.cpp">
      <Filter>source\game\world</Filter>
    </ClCompile>
  </ItemGroup>
  <ItemGroup>
    <None Include="basicfragment.glsl">
      <Filter>assets</Filter>
    </None>
    <None Include="basicvertex.glsl">
      <Filter>assets</Filter>
    </None>
    <None Include="terrainfragment.glsl">
      <Filter>assets</Filter>
    </None>
    <None Include="terrainvertex.glsl">
      <Filter>assets</Filter>
    </None>
  </ItemGroup>
  <ItemGroup>
    <ClInclude Include="ColorGenerator.h">
      <Filter>source\game\world</Filter>
    </ClInclude>
    <ClInclude Include="TerrainGenerator.h">
      <Filter>source\game\world</Filter>
    </ClInclude>
    <ClInclude Include="perlin.hpp">
      <Filter>source\util</Filter>
    </ClInclude>
    <ClInclude Include="Util.hpp">
      <Filter>source\util</Filter>
    </ClInclude>
    <ClInclude Include="Shader.h">
      <Filter>source\engine\graphics\shaders</Filter>
    </ClInclude>
    <ClInclude Include="definitions.h">
      <Filter>source\util</Filter>
    </ClInclude>
    <ClInclude Include="State.hpp">
      <Filter>source\engine\interfaces</Filter>
    </ClInclude>
    <ClInclude Include="Display.h">
      <Filter>source\engine</Filter>
    </ClInclude>
    <ClInclude Include="Engine.h">
      <Filter>source\engine</Filter>
    </ClInclude>
    <ClInclude Include="Game.h">
      <Filter>source\game</Filter>
    </ClInclude>
    <ClInclude Include="Transform.h">
      <Filter>source\engine\graphics</Filter>
    </ClInclude>
    <ClInclude Include="Object.h">
      <Filter>source\engine</Filter>
    </ClInclude>
    <ClInclude Include="Component.h">
      <Filter>source\engine\components</Filter>
    </ClInclude>
    <ClInclude Include="Mesh.h">
      <Filter>source\engine\components</Filter>
    </ClInclude>
    <ClInclude Include="Camera.h">
      <Filter>source\engine\graphics</Filter>
    </ClInclude>
    <ClInclude Include="Renderer.h">
      <Filter>source\engine\graphics</Filter>
    </ClInclude>
    <ClInclude Include="Light.h">
      <Filter>source\engine\components</Filter>
    </ClInclude>
    <ClInclude Include="Sun.h">
      <Filter>source\game</Filter>
    </ClInclude>
    <ClInclude Include="Chunk.h">
      <Filter>source\game\world</Filter>
    </ClInclude>
    <ClInclude Include="ChunkManager.h">
      <Filter>source\game\world</Filter>
    </ClInclude>
  </ItemGroup>
</Project>